
Microsoft Visual Studio Solution File, Format Version 12.00
# Visual Studio Version 17
VisualStudioVersion = 17.5.33627.172
MinimumVisualStudioVersion = 10.0.40219.1
Project("{FAE04EC0-301F-11D3-BF4B-00C04F79EFBC}") = "Task-1", "Task-1\Task-1.csproj", "{8AF8AEEA-C0A3-46BB-8398-A99F7E728C41}"
EndProject
Project("{FAE04EC0-301F-11D3-BF4B-00C04F79EFBC}") = "Task-2", "Task-2\Task-2.csproj", "{8FE01FC4-8622-415C-908A-2CB44B46E690}"
EndProject
Project("{FAE04EC0-301F-11D3-BF4B-00C04F79EFBC}") = "Task-3", "Task-3\Task-3.csproj", "{834D3C48-CBD6-4B9D-A8F8-8A0F80EB1F20}"
EndProject
Project("{FAE04EC0-301F-11D3-BF4B-00C04F79EFBC}") = "Task-4", "Task-4\Task-4.csproj", "{336CE37F-45A3-4675-BCBC-E01B40077567}"
EndProject
Project("{FAE04EC0-301F-11D3-BF4B-00C04F79EFBC}") = "Task-5", "Task-5\Task-5.csproj", "{BB44EC0D-BEC5-4B1F-A3CC-EEB28E9BA74D}"
EndProject
Project("{FAE04EC0-301F-11D3-BF4B-00C04F79EFBC}") = "Task-6", "Task-6\Task-6.csproj", "{AAB84E51-6778-4E05-938C-2C225997AF23}"
EndProject
Global
	GlobalSection(SolutionConfigurationPlatforms) = preSolution
		Debug|Any CPU = Debug|Any CPU
		Release|Any CPU = Release|Any CPU
	EndGlobalSection
	GlobalSection(ProjectConfigurationPlatforms) = postSolution
		{8AF8AEEA-C0A3-46BB-8398-A99F7E728C41}.Debug|Any CPU.ActiveCfg = Debug|Any CPU
		{8AF8AEEA-C0A3-46BB-8398-A99F7E728C41}.Debug|Any CPU.Build.0 = Debug|Any CPU
		{8AF8AEEA-C0A3-46BB-8398-A99F7E728C41}.Release|Any CPU.ActiveCfg = Release|Any CPU
		{8AF8AEEA-C0A3-46BB-8398-A99F7E728C41}.Release|Any CPU.Build.0 = Release|Any CPU
		{8FE01FC4-8622-415C-908A-2CB44B46E690}.Debug|Any CPU.ActiveCfg = Debug|Any CPU
		{8FE01FC4-8622-415C-908A-2CB44B46E690}.Debug|Any CPU.Build.0 = Debug|Any CPU
		{8FE01FC4-8622-415C-908A-2CB44B46E690}.Release|Any CPU.ActiveCfg = Release|Any CPU
		{8FE01FC4-8622-415C-908A-2CB44B46E690}.Release|Any CPU.Build.0 = Release|Any CPU
		{834D3C48-CBD6-4B9D-A8F8-8A0F80EB1F20}.Debug|Any CPU.ActiveCfg = Debug|Any CPU
		{834D3C48-CBD6-4B9D-A8F8-8A0F80EB1F20}.Debug|Any CPU.Build.0 = Debug|Any CPU
		{834D3C48-CBD6-4B9D-A8F8-8A0F80EB1F20}.Release|Any CPU.ActiveCfg = Release|Any CPU
		{834D3C48-CBD6-4B9D-A8F8-8A0F80EB1F20}.Release|Any CPU.Build.0 = Release|Any CPU
		{336CE37F-45A3-4675-BCBC-E01B40077567}.Debug|Any CPU.ActiveCfg = Debug|Any CPU
		{336CE37F-45A3-4675-BCBC-E01B40077567}.Debug|Any CPU.Build.0 = Debug|Any CPU
		{336CE37F-45A3-4675-BCBC-E01B40077567}.Release|Any CPU.ActiveCfg = Release|Any CPU
		{336CE37F-45A3-4675-BCBC-E01B40077567}.Release|Any CPU.Build.0 = Release|Any CPU
		{BB44EC0D-BEC5-4B1F-A3CC-EEB28E9BA74D}.Debug|Any CPU.ActiveCfg = Debug|Any CPU
		{BB44EC0D-BEC5-4B1F-A3CC-EEB28E9BA74D}.Debug|Any CPU.Build.0 = Debug|Any CPU
		{BB44EC0D-BEC5-4B1F-A3CC-EEB28E9BA74D}.Release|Any CPU.ActiveCfg = Release|Any CPU
		{BB44EC0D-BEC5-4B1F-A3CC-EEB28E9BA74D}.Release|Any CPU.Build.0 = Release|Any CPU
		{AAB84E51-6778-4E05-938C-2C225997AF23}.Debug|Any CPU.ActiveCfg = Debug|Any CPU
		{AAB84E51-6778-4E05-938C-2C225997AF23}.Debug|Any CPU.Build.0 = Debug|Any CPU
		{AAB84E51-6778-4E05-938C-2C225997AF23}.Release|Any CPU.ActiveCfg = Release|Any CPU
		{AAB84E51-6778-4E05-938C-2C225997AF23}.Release|Any CPU.Build.0 = Release|Any CPU
	EndGlobalSection
	GlobalSection(SolutionProperties) = preSolution
		HideSolutionNode = FALSE
	EndGlobalSection
	GlobalSection(ExtensibilityGlobals) = postSolution
		SolutionGuid = {0333B67C-B4B4-41F7-BA4D-E501EBBA4416}
	EndGlobalSection
EndGlobal
